
Microsoft Visual Studio Solution File, Format Version 12.00
# Visual Studio Version 16
VisualStudioVersion = 16.0.31515.178
MinimumVisualStudioVersion = 10.0.40219.1
Project("{FAE04EC0-301F-11D3-BF4B-00C04F79EFBC}") = "WinFormsApp1", "WinFormsApp1\WinFormsApp1.csproj", "{B23C2BD6-B712-4F1D-B1C3-D8CBC98CA4EC}"
EndProject
Global
	GlobalSection(SolutionConfigurationPlatforms) = preSolution
		Debug|Any CPU = Debug|Any CPU
		Release|Any CPU = Release|Any CPU
	EndGlobalSection
	GlobalSection(ProjectConfigurationPlatforms) = postSolution
		{B23C2BD6-B712-4F1D-B1C3-D8CBC98CA4EC}.Debug|Any CPU.ActiveCfg = Debug|Any CPU
		{B23C2BD6-B712-4F1D-B1C3-D8CBC98CA4EC}.Debug|Any CPU.Build.0 = Debug|Any CPU
		{B23C2BD6-B712-4F1D-B1C3-D8CBC98CA4EC}.Release|Any CPU.ActiveCfg = Release|Any CPU
		{B23C2BD6-B712-4F1D-B1C3-D8CBC98CA4EC}.Release|Any CPU.Build.0 = Release|Any CPU
	EndGlobalSection
	GlobalSection(SolutionProperties) = preSolution
		HideSolutionNode = FALSE
	EndGlobalSection
	GlobalSection(ExtensibilityGlobals) = postSolution
		SolutionGuid = {388AB199-8471-41C7-830F-10A3A59A7A74}
	EndGlobalSection
EndGlobal
